{
    "_meta": {
        "hash": {
            "sha256": "827118babaacb0b1ec23deaab943c7e58a629e0b465cf0877ccf1ec036018d02"
        },
        "pipfile-spec": 6,
        "requires": {
            "python_version": "2.7"
        },
        "sources": [
            {
                "name": "pypi",
                "url": "https://pypi.org/simple",
                "verify_ssl": true
            }
        ]
    },
    "default": {},
    "develop": {
        "appdirs": {
            "hashes": [
                "sha256:7d5d0167b2b1ba821647616af46a749d1c653740dd0d2415100fe26e27afdf41",
                "sha256:a841dacd6b99318a741b166adb07e19ee71a274450e68237b4650ca1055ab128"
            ],
            "version": "==1.4.4"
        },
        "attrs": {
            "hashes": [
                "sha256:31b2eced602aa8423c2aea9c76a724617ed67cf9513173fd3a4f03e3a929c7e6",
                "sha256:832aa3cde19744e49938b91fea06d69ecb9e649c93ba974535d08ad92164f700"
            ],
            "version": "==20.3.0"
        },
        "autopep8": {
            "hashes": [
                "sha256:4d8eec30cc81bc5617dbf1218201d770dc35629363547f17577c61683ccfb3ee"
            ],
            "index": "pypi",
            "version": "==1.4.4"
        },
        "backports.functools-lru-cache": {
            "hashes": [
                "sha256:d5ed2169378b67d3c545e5600d363a923b09c456dab1593914935a68ad478271",
                "sha256:dbead04b9daa817909ec64e8d2855fb78feafe0b901d4568758e3a60559d8978"
            ],
            "markers": "python_version < '3.2'",
            "version": "==1.6.4"
        },
        "backports.shutil-get-terminal-size": {
            "hashes": [
                "sha256:0975ba55054c15e346944b38956a4c9cbee9009391e41b86c68990effb8c1f64",
                "sha256:713e7a8228ae80341c70586d1cc0a8caa5207346927e23d09dcbcaf18eadec80"
            ],
            "markers": "python_version == '2.7'",
            "version": "==1.0.0"
        },
        "backports.tempfile": {
            "hashes": [
                "sha256:05aa50940946f05759696156a8c39be118169a0e0f94a49d0bb106503891ff54",
                "sha256:1c648c452e8770d759bdc5a5e2431209be70d25484e1be24876cf2168722c762"
            ],
            "markers": "python_version < '3.5'",
            "version": "==1.0"
        },
        "backports.weakref": {
            "hashes": [
                "sha256:81bc9b51c0abc58edc76aefbbc68c62a787918ffe943a37947e162c3f8e19e82",
                "sha256:bc4170a29915f8b22c9e7c4939701859650f2eb84184aee80da329ac0b9825c2"
            ],
            "markers": "python_version == '2.7'",
            "version": "==1.0.post1"
        },
        "cached-property": {
            "hashes": [
                "sha256:9fa5755838eecbb2d234c3aa390bd80fbd3ac6b6869109bfc1b499f7bd89a130",
                "sha256:df4f613cf7ad9a588cc381aaf4a512d26265ecebd5eb9e1ba12f1319eb85a6a0"
            ],
            "version": "==1.5.2"
        },
        "cerberus": {
            "hashes": [
                "sha256:7aff49bc793e58a88ac14bffc3eca0f67e077881d3c62c621679a621294dd174",
                "sha256:eec10585c33044fb7c69650bc5b68018dac0443753337e2b07684ee0f3c83329"
            ],
            "version": "==1.3.3"
        },
        "certifi": {
            "hashes": [
                "sha256:1a4995114262bffbc2413b159f2a1a480c969de6e6eb13ee966d470af86af59c",
                "sha256:719a74fb9e33b9bd44cc7f3a8d94bc35e4049deebe19ba7d8e108280cfd59830"
            ],
            "version": "==2020.12.5"
        },
        "chardet": {
            "hashes": [
                "sha256:0d6f53a15db4120f2b08c94f11e7d93d2c911ee118b6b30a04ec3ee8310179fa",
                "sha256:f864054d66fd9118f2e67044ac8981a54775ec5b67aed0441892edb553d21da5"
            ],
            "version": "==4.0.0"
        },
        "colorama": {
            "hashes": [
                "sha256:5941b2b48a20143d2267e95b1c2a7603ce057ee39fd88e7329b0c292aa16869b",
                "sha256:9f47eda37229f68eee03b24b9748937c7dc3868f906e8ba69fbcbdd3bc5dc3e2"
            ],
            "version": "==0.4.4"
        },
        "configparser": {
            "hashes": [
                "sha256:254c1d9c79f60c45dfde850850883d5aaa7f19a23f13561243a050d5a7c3fe4c",
                "sha256:c7d282687a5308319bf3d2e7706e575c635b0a470342641c93bea0ea3b5331df"
            ],
            "markers": "python_version < '3'",
            "version": "==4.0.2"
        },
        "contextlib2": {
            "hashes": [
                "sha256:01f490098c18b19d2bd5bb5dc445b2054d2fa97f09a4280ba2c5f3c394c8162e",
                "sha256:3355078a159fbb44ee60ea80abd0d87b80b78c248643b49aa6d94673b413609b"
            ],
            "markers": "python_version < '3'",
            "version": "==0.6.0.post1"
        },
        "distlib": {
            "hashes": [
                "sha256:8c09de2c67b3e7deef7184574fc060ab8a793e7adbb183d942c389c8b13c52fb",
                "sha256:edf6116872c863e1aa9d5bb7cb5e05a022c519a4594dc703843343a9ddd9bff1"
            ],
            "version": "==0.3.1"
        },
        "docopt": {
            "hashes": [
                "sha256:49b3a825280bd66b3aa83585ef59c4a8c82f2c8a522dbe754a8bc8d08c85c491"
            ],
            "version": "==0.6.2"
        },
        "entrypoints": {
            "hashes": [
                "sha256:589f874b313739ad35be6e0cd7efde2a4e9b6fea91edcc34e58ecbb8dbe56d19",
                "sha256:c70dd71abe5a8c85e55e12c19bd91ccfeec11a6e99044204511f9ed547d48451"
            ],
            "version": "==0.3"
        },
        "enum34": {
            "hashes": [
                "sha256:a98a201d6de3f2ab3db284e70a33b0f896fbf35f8086594e8c9e74b909058d53",
                "sha256:c3858660960c984d6ab0ebad691265180da2b43f07e061c0f8dca9ef3cffd328",
                "sha256:cce6a7477ed816bd2542d03d53db9f0db935dd013b70f336a95c73979289f248"
            ],
            "markers": "python_version >= '2.7' and python_version < '2.8'",
            "version": "==1.1.10"
        },
        "flake8": {
            "hashes": [
                "sha256:19241c1cbc971b9962473e4438a2ca19749a7dd002dd1a946eaba171b4114548",
                "sha256:8e9dfa3cecb2400b3738a42c54c3043e821682b9c840b0448c0503f781130696"
            ],
            "index": "pypi",
            "version": "==3.7.8"
        },
        "funcsigs": {
            "hashes": [
                "sha256:330cc27ccbf7f1e992e69fef78261dc7c6569012cf397db8d3de0234e6c937ca",
                "sha256:a7bb0f2cf3a3fd1ab2732cb49eba4252c2af4240442415b4abce3b87022a8f50"
            ],
            "markers": "python_version <= '2.7'",
            "version": "==1.0.2"
        },
        "functools32": {
            "hashes": [
                "sha256:89d824aa6c358c421a234d7f9ee0bd75933a67c29588ce50aaa3acdf4d403fa0",
                "sha256:f6253dfbe0538ad2e387bd8fdfd9293c925d63553f5813c4e587745416501e6d"
            ],
            "markers": "python_version >= '2.7' and python_version < '2.8'",
            "version": "==3.2.3.post2"
        },
        "futures": {
            "hashes": [
                "sha256:49b3f5b064b6e3afc3316421a3f25f66c137ae88f068abbf72830170033c5e16",
                "sha256:7e033af76a5e35f58e56da7a91e687706faf4e7bdfb2cbc3f2cca6b9bcda9794"
            ],
            "markers": "python_version < '3.2'",
            "version": "==3.3.0"
        },
        "idna": {
            "hashes": [
                "sha256:b307872f855b18632ce0c21c5e45be78c0ea7ae4c15c828c20788b26921eb3f6",
                "sha256:b97d804b1e9b523befed77c48dacec60e6dcb0b5391d57af6a65a312a90648c0"
            ],
            "version": "==2.10"
        },
        "importlib-metadata": {
            "hashes": [
                "sha256:b8de9eff2b35fb037368f28a7df1df4e6436f578fa74423505b6c6a778d5b5dd",
                "sha256:c2d6341ff566f609e89a2acb2db190e5e1d23d5409d6cc8d2fe34d72443876d4"
            ],
            "markers": "python_version < '3.8'",
            "version": "==2.1.1"
        },
        "isort": {
            "extras": [
                "pipfile"
            ],
            "hashes": [
                "sha256:54da7e92468955c4fceacd0c86bd0ec997b0e1ee80d97f67c35a78b719dccab1",
                "sha256:6e811fcb295968434526407adb8796944f1988c5b65e8139058f2014cbe100fd"
            ],
            "index": "pypi",
            "version": "==4.3.21"
        },
        "mccabe": {
            "hashes": [
                "sha256:ab8a6258860da4b6677da4bd2fe5dc2c659cff31b3ee4f7f5d64e79735b80d42",
                "sha256:dd8d182285a0fe56bace7f45b5e7d1a6ebcbf524e8f3bd87eb0f125271b8831f"
            ],
            "version": "==0.6.1"
        },
        "orderedmultidict": {
            "hashes": [
                "sha256:04070bbb5e87291cc9bfa51df413677faf2141c73c61d2a5f7b26bea3cd882ad",
                "sha256:43c839a17ee3cdd62234c47deca1a8508a3f2ca1d0678a3bf791c87cf84adbf3"
            ],
            "version": "==1.0.1"
        },
        "packaging": {
            "hashes": [
                "sha256:5b327ac1320dc863dca72f4514ecc086f31186744b84a230374cc1fd776feae5",
                "sha256:67714da7f7bc052e064859c05c595155bd1ee9f69f76557e21f051443c20947a"
            ],
            "version": "==20.9"
        },
        "pathlib2": {
            "hashes": [
                "sha256:0ec8205a157c80d7acc301c0b18fbd5d44fe655968f5d947b6ecef5290fc35db",
                "sha256:6cd9a47b597b37cc57de1c05e56fb1a1c9cc9fab04fe78c29acd090418529868"
            ],
            "markers": "python_version < '3'",
            "version": "==2.3.5"
        },
        "pep517": {
            "hashes": [
                "sha256:ac59f3f6b9726a49e15a649474539442cf76e0697e39df4869d25e68e880931b",
                "sha256:eba39d201ef937584ad3343df3581069085bacc95454c80188291d5b3ac7a249"
            ],
            "version": "==0.10.0"
        },
        "pip-shims": {
            "hashes": [
                "sha256:05b00ade9d1e686a98bb656dd9b0608a933897283dc21913fad6ea5409ff7e91",
                "sha256:16ca9f87485667b16b978b68a1aae4f9cc082c0fa018aed28567f9f34a590569"
            ],
            "version": "==0.5.3"
        },
        "pipreqs": {
            "hashes": [
                "sha256:9e351d644b28b98d7386b046a73806cbb3bb66b23a30e74feeb95ed9571db939",
                "sha256:cafe42ab70628d408c147fb8944bc303355ea8f91fddca4a98d273e572e39905"
            ],
            "version": "==0.4.10"
        },
        "plette": {
            "extras": [
                "validation"
            ],
            "hashes": [
                "sha256:46402c03e36d6eadddad2a5125990e322dd74f98160c8f2dcd832b2291858a26",
                "sha256:d6c9b96981b347bddd333910b753b6091a2c1eb2ef85bb373b4a67c9d91dca16"
            ],
            "version": "==0.2.3"
        },
        "pycodestyle": {
            "hashes": [
                "sha256:95a2219d12372f05704562a14ec30bc76b05a5b297b21a5dfe3f6fac3491ae56",
                "sha256:e40a936c9a450ad81df37f549d676d127b1b66000a6c500caa2b085bc0ca976c"
            ],
            "version": "==2.5.0"
        },
        "pyflakes": {
            "hashes": [
                "sha256:17dbeb2e3f4d772725c777fabc446d5634d1038f234e77343108ce445ea69ce0",
                "sha256:d976835886f8c5b31d47970ed689944a0262b5f3afa00a5a7b4dc81e5449f8a2"
            ],
            "version": "==2.1.1"
        },
        "pyparsing": {
            "hashes": [
                "sha256:c203ec8783bf771a155b207279b9bccb8dea02d8f0c9e5f8ead507bc3246ecc1",
                "sha256:ef9d7589ef3c200abe66653d3f1ab1033c3c419ae9b9bdb1240a85b024efc88b"
            ],
            "version": "==2.4.7"
        },
        "python-dateutil": {
            "hashes": [
                "sha256:73ebfe9dbf22e832286dafa60473e4cd239f8592f699aa5adaf10050e6e1823c",
                "sha256:75bb3f31ea686f1197762692a9ee6a7550b59fc6ca3a1f4b5d7e32fb98e2da2a"
            ],
            "version": "==2.8.1"
        },
        "requests": {
            "hashes": [
                "sha256:27973dd4a904a4f13b263a19c866c13b92a39ed1c964655f025f3f8d3d75b804",
                "sha256:c210084e36a42ae6b9219e00e48287def368a26d03a048ddad7bfee44f75871e"
            ],
            "version": "==2.25.1"
        },
        "requirementslib": {
            "hashes": [
                "sha256:50d20f27e4515a2393695b0d886219598302163438ae054253147b2bad9b4a44",
                "sha256:9c1e8666ca4512724cdd1739adcc7df19ec7ad2ed21f0e748f9631ad6b54f321"
            ],
            "version": "==1.5.16"
        },
        "scandir": {
            "hashes": [
                "sha256:2586c94e907d99617887daed6c1d102b5ca28f1085f90446554abf1faf73123e",
                "sha256:2ae41f43797ca0c11591c0c35f2f5875fa99f8797cb1a1fd440497ec0ae4b022",
                "sha256:2b8e3888b11abb2217a32af0766bc06b65cc4a928d8727828ee68af5a967fa6f",
                "sha256:2c712840c2e2ee8dfaf36034080108d30060d759c7b73a01a52251cc8989f11f",
                "sha256:4d4631f6062e658e9007ab3149a9b914f3548cb38bfb021c64f39a025ce578ae",
                "sha256:67f15b6f83e6507fdc6fca22fedf6ef8b334b399ca27c6b568cbfaa82a364173",
                "sha256:7d2d7a06a252764061a020407b997dd036f7bd6a175a5ba2b345f0a357f0b3f4",
                "sha256:8c5922863e44ffc00c5c693190648daa6d15e7c1207ed02d6f46a8dcc2869d32",
                "sha256:92c85ac42f41ffdc35b6da57ed991575bdbe69db895507af88b9f499b701c188",
                "sha256:b24086f2375c4a094a6b51e78b4cf7ca16c721dcee2eddd7aa6494b42d6d519d",
                "sha256:cb925555f43060a1745d0a321cca94bcea927c50114b623d73179189a4e100ac"
            ],
            "markers": "python_version < '3.5'",
            "version": "==1.10.0"
        },
        "six": {
            "hashes": [
                "sha256:30639c035cdb23534cd4aa2dd52c3bf48f06e5f4a941509c8bafd8ce11080259",
                "sha256:8b74bedcbbbaca38ff6d7491d76f2b06b3592611af620f8426e82dddb04a5ced"
            ],
            "version": "==1.15.0"
        },
        "toml": {
            "hashes": [
                "sha256:806143ae5bfb6a3c6e736a764057db0e6a0e05e338b5630894a5f779cabb4f9b",
                "sha256:b3bda1d108d5dd99f4a20d24d9c348e91c4db7ab1b749200bded2f839ccbe68f"
            ],
            "version": "==0.10.2"
        },
        "tomlkit": {
            "hashes": [
                "sha256:6babbd33b17d5c9691896b0e68159215a9387ebfa938aa3ac42f4a4beeb2b831",
                "sha256:ac57f29693fab3e309ea789252fcce3061e19110085aa31af5446ca749325618"
            ],
            "version": "==0.7.0"
        },
        "typing": {
            "hashes": [
                "sha256:1187fb9c82fd670d10aa07bbb6cfcfe4bdda42d6fab8d5134f04e8c4d0b71cc9",
                "sha256:283d868f5071ab9ad873e5e52268d611e851c870a2ba354193026f2dfb29d8b5"
            ],
            "markers": "python_version >= '2.7' and python_version < '2.8' or python_version >= '3.4' and python_version < '3.5'",
            "version": "==3.7.4.3"
        },
        "urllib3": {
            "hashes": [
                "sha256:2f3db8b19923a873b3e5256dc9c2dedfa883e33d87c690d9c7913e1f40673cdc",
                "sha256:87716c2d2a7121198ebcb7ce7cccf6ce5e9ba539041cfbaeecfb641dc0bf6acc"
            ],
            "index": "pypi",
            "version": "==1.25.8"
        },
        "vistir": {
            "hashes": [
                "sha256:a37079cdbd85d31a41cdd18457fe521e15ec08b255811e81aa061fd5f48a20fb",
                "sha256:eff1d19ef50c703a329ed294e5ec0b0fbb35b96c1b3ee6dcdb266dddbe1e935a"
            ],
            "version": "==0.5.2"
        },
        "wheel": {
            "hashes": [
                "sha256:78b5b185f0e5763c26ca1e324373aadd49182ca90e825f7853f4b2509215dc0e",
                "sha256:e11eefd162658ea59a60a0f6c7d493a7190ea4b9a85e335b33489d9f17e0245e"
            ],
            "version": "==0.36.2"
        },
        "yarg": {
            "hashes": [
                "sha256:4f9cebdc00fac946c9bf2783d634e538a71c7d280a4d806d45fd4dc0ef441492",
                "sha256:55695bf4d1e3e7f756496c36a69ba32c40d18f821e38f61d028f6049e5e15911"
            ],
            "version": "==0.1.9"
        },
        "zipp": {
            "hashes": [
                "sha256:c70410551488251b0fee67b460fb9a536af8d6f9f008ad10ac51f615b6a521b1",
                "sha256:e0d9e63797e483a30d27e09fffd308c59a700d365ec34e93cc100844168bf921"
            ],
            "markers": "python_version < '3.8'",
            "version": "==1.2.0"
        }
    }
}
